
Microsoft Visual Studio Solution File, Format Version 12.00
# Visual Studio Version 16
VisualStudioVersion = 16.0.30114.105
MinimumVisualStudioVersion = 10.0.40219.1
Project("{2150E333-8FDC-42A3-9474-1A3956D46DE8}") = "src", "src", "{C6655FFD-AF89-49A9-8329-824923FD81CF}"
EndProject
Project("{FAE04EC0-301F-11D3-BF4B-00C04F79EFBC}") = "Application", "src\Application\Application.csproj", "{451E1A6B-7D45-4EE7-B5A1-8147744BD606}"
EndProject
Project("{FAE04EC0-301F-11D3-BF4B-00C04F79EFBC}") = "Domain", "src\Domain\Domain.csproj", "{62703D0F-0434-4190-9E93-2F14CE6595AE}"
EndProject
Project("{FAE04EC0-301F-11D3-BF4B-00C04F79EFBC}") = "Infrastructure", "src\Infrastructure\Infrastructure.csproj", "{35F74233-459B-4409-90DB-A89AA338639C}"
EndProject
Project("{FAE04EC0-301F-11D3-BF4B-00C04F79EFBC}") = "WebUI", "src\WebUI\WebUI.csproj", "{E10275A0-D252-4CF7-B480-E27C13ECFE78}"
EndProject
Global
	GlobalSection(SolutionConfigurationPlatforms) = preSolution
		Debug|Any CPU = Debug|Any CPU
		Release|Any CPU = Release|Any CPU
	EndGlobalSection
	GlobalSection(SolutionProperties) = preSolution
		HideSolutionNode = FALSE
	EndGlobalSection
	GlobalSection(ProjectConfigurationPlatforms) = postSolution
		{451E1A6B-7D45-4EE7-B5A1-8147744BD606}.Debug|Any CPU.ActiveCfg = Debug|Any CPU
		{451E1A6B-7D45-4EE7-B5A1-8147744BD606}.Debug|Any CPU.Build.0 = Debug|Any CPU
		{451E1A6B-7D45-4EE7-B5A1-8147744BD606}.Release|Any CPU.ActiveCfg = Release|Any CPU
		{451E1A6B-7D45-4EE7-B5A1-8147744BD606}.Release|Any CPU.Build.0 = Release|Any CPU
		{62703D0F-0434-4190-9E93-2F14CE6595AE}.Debug|Any CPU.ActiveCfg = Debug|Any CPU
		{62703D0F-0434-4190-9E93-2F14CE6595AE}.Debug|Any CPU.Build.0 = Debug|Any CPU
		{62703D0F-0434-4190-9E93-2F14CE6595AE}.Release|Any CPU.ActiveCfg = Release|Any CPU
		{62703D0F-0434-4190-9E93-2F14CE6595AE}.Release|Any CPU.Build.0 = Release|Any CPU
		{35F74233-459B-4409-90DB-A89AA338639C}.Debug|Any CPU.ActiveCfg = Debug|Any CPU
		{35F74233-459B-4409-90DB-A89AA338639C}.Debug|Any CPU.Build.0 = Debug|Any CPU
		{35F74233-459B-4409-90DB-A89AA338639C}.Release|Any CPU.ActiveCfg = Release|Any CPU
		{35F74233-459B-4409-90DB-A89AA338639C}.Release|Any CPU.Build.0 = Release|Any CPU
		{E10275A0-D252-4CF7-B480-E27C13ECFE78}.Debug|Any CPU.ActiveCfg = Debug|Any CPU
		{E10275A0-D252-4CF7-B480-E27C13ECFE78}.Debug|Any CPU.Build.0 = Debug|Any CPU
		{E10275A0-D252-4CF7-B480-E27C13ECFE78}.Release|Any CPU.ActiveCfg = Release|Any CPU
		{E10275A0-D252-4CF7-B480-E27C13ECFE78}.Release|Any CPU.Build.0 = Release|Any CPU
	EndGlobalSection
	GlobalSection(NestedProjects) = preSolution
		{451E1A6B-7D45-4EE7-B5A1-8147744BD606} = {C6655FFD-AF89-49A9-8329-824923FD81CF}
		{62703D0F-0434-4190-9E93-2F14CE6595AE} = {C6655FFD-AF89-49A9-8329-824923FD81CF}
		{35F74233-459B-4409-90DB-A89AA338639C} = {C6655FFD-AF89-49A9-8329-824923FD81CF}
		{E10275A0-D252-4CF7-B480-E27C13ECFE78} = {C6655FFD-AF89-49A9-8329-824923FD81CF}
	EndGlobalSection
EndGlobal
